
Microsoft Visual Studio Solution File, Format Version 12.00
# Visual Studio Version 17
VisualStudioVersion = 17.1.32210.238
MinimumVisualStudioVersion = 10.0.40219.1
Project("{FAE04EC0-301F-11D3-BF4B-00C04F79EFBC}") = "Praktikum Week 5", "Praktikum Week 5\Praktikum Week 5.csproj", "{9207228F-84B8-475D-8017-3A90C0E2122B}"
EndProject
Global
	GlobalSection(SolutionConfigurationPlatforms) = preSolution
		Debug|Any CPU = Debug|Any CPU
		Release|Any CPU = Release|Any CPU
	EndGlobalSection
	GlobalSection(ProjectConfigurationPlatforms) = postSolution
		{9207228F-84B8-475D-8017-3A90C0E2122B}.Debug|Any CPU.ActiveCfg = Debug|Any CPU
		{9207228F-84B8-475D-8017-3A90C0E2122B}.Debug|Any CPU.Build.0 = Debug|Any CPU
		{9207228F-84B8-475D-8017-3A90C0E2122B}.Release|Any CPU.ActiveCfg = Release|Any CPU
		{9207228F-84B8-475D-8017-3A90C0E2122B}.Release|Any CPU.Build.0 = Release|Any CPU
	EndGlobalSection
	GlobalSection(SolutionProperties) = preSolution
		HideSolutionNode = FALSE
	EndGlobalSection
	GlobalSection(ExtensibilityGlobals) = postSolution
		SolutionGuid = {FAF63E68-74A9-4E24-A0F2-F06F95EA43F5}
	EndGlobalSection
EndGlobal
